
Microsoft Visual Studio Solution File, Format Version 12.00
# Visual Studio Version 17
VisualStudioVersion = 17.0.31903.59
MinimumVisualStudioVersion = 10.0.40219.1
Project("{2150E333-8FDC-42A3-9474-1A3956D46DE8}") = "src", "src", "{4C2D3362-946E-40DC-AC67-815CE90ACE6A}"
EndProject
Project("{2150E333-8FDC-42A3-9474-1A3956D46DE8}") = "Core", "Core", "{70926772-CACB-4E6B-86F5-9C30C4150C92}"
EndProject
Project("{FAE04EC0-301F-11D3-BF4B-00C04F79EFBC}") = "HiCone.Domain", "src\Core\HiCone.Domain\HiCone.Domain.csproj", "{FC771C5F-4C7B-4AC7-B02D-5AA8B55F5139}"
EndProject
Project("{FAE04EC0-301F-11D3-BF4B-00C04F79EFBC}") = "HiCone.Application", "src\Core\HiCone.Application\HiCone.Application.csproj", "{B16DC123-441E-42A6-B16A-F83064857C25}"
EndProject
Project("{2150E333-8FDC-42A3-9474-1A3956D46DE8}") = "Infrastructure", "Infrastructure", "{9007C6A3-EE75-40F2-A733-F5596006BB70}"
EndProject
Project("{FAE04EC0-301F-11D3-BF4B-00C04F79EFBC}") = "HiCone.Infrastructure", "src\Infrastructure\HiCone.Infrastructure\HiCone.Infrastructure.csproj", "{0D1786E5-A9DC-4F04-AFD1-B41E0DD7BC25}"
EndProject
Project("{FAE04EC0-301F-11D3-BF4B-00C04F79EFBC}") = "HiCone.Persistence", "src\Infrastructure\HiCone.Persistence\HiCone.Persistence.csproj", "{7A71B903-5A49-4A5B-B181-2A06AC6D5476}"
EndProject
Project("{2150E333-8FDC-42A3-9474-1A3956D46DE8}") = "Presentation", "Presentation", "{4A194554-1DF4-4D12-ABAC-47B9F35C3B34}"
EndProject
Project("{FAE04EC0-301F-11D3-BF4B-00C04F79EFBC}") = "HiCone.API", "src\Presentation\HiCone.API\HiCone.API.csproj", "{E4DC56C6-4234-4A9A-9BF2-1D5279C30D31}"
EndProject
Global
	GlobalSection(SolutionConfigurationPlatforms) = preSolution
		Debug|Any CPU = Debug|Any CPU
		Release|Any CPU = Release|Any CPU
	EndGlobalSection
	GlobalSection(SolutionProperties) = preSolution
		HideSolutionNode = FALSE
	EndGlobalSection
	GlobalSection(ProjectConfigurationPlatforms) = postSolution
		{FC771C5F-4C7B-4AC7-B02D-5AA8B55F5139}.Debug|Any CPU.ActiveCfg = Debug|Any CPU
		{FC771C5F-4C7B-4AC7-B02D-5AA8B55F5139}.Debug|Any CPU.Build.0 = Debug|Any CPU
		{FC771C5F-4C7B-4AC7-B02D-5AA8B55F5139}.Release|Any CPU.ActiveCfg = Release|Any CPU
		{FC771C5F-4C7B-4AC7-B02D-5AA8B55F5139}.Release|Any CPU.Build.0 = Release|Any CPU
		{B16DC123-441E-42A6-B16A-F83064857C25}.Debug|Any CPU.ActiveCfg = Debug|Any CPU
		{B16DC123-441E-42A6-B16A-F83064857C25}.Debug|Any CPU.Build.0 = Debug|Any CPU
		{B16DC123-441E-42A6-B16A-F83064857C25}.Release|Any CPU.ActiveCfg = Release|Any CPU
		{B16DC123-441E-42A6-B16A-F83064857C25}.Release|Any CPU.Build.0 = Release|Any CPU
		{0D1786E5-A9DC-4F04-AFD1-B41E0DD7BC25}.Debug|Any CPU.ActiveCfg = Debug|Any CPU
		{0D1786E5-A9DC-4F04-AFD1-B41E0DD7BC25}.Debug|Any CPU.Build.0 = Debug|Any CPU
		{0D1786E5-A9DC-4F04-AFD1-B41E0DD7BC25}.Release|Any CPU.ActiveCfg = Release|Any CPU
		{0D1786E5-A9DC-4F04-AFD1-B41E0DD7BC25}.Release|Any CPU.Build.0 = Release|Any CPU
		{7A71B903-5A49-4A5B-B181-2A06AC6D5476}.Debug|Any CPU.ActiveCfg = Debug|Any CPU
		{7A71B903-5A49-4A5B-B181-2A06AC6D5476}.Debug|Any CPU.Build.0 = Debug|Any CPU
		{7A71B903-5A49-4A5B-B181-2A06AC6D5476}.Release|Any CPU.ActiveCfg = Release|Any CPU
		{7A71B903-5A49-4A5B-B181-2A06AC6D5476}.Release|Any CPU.Build.0 = Release|Any CPU
		{E4DC56C6-4234-4A9A-9BF2-1D5279C30D31}.Debug|Any CPU.ActiveCfg = Debug|Any CPU
		{E4DC56C6-4234-4A9A-9BF2-1D5279C30D31}.Debug|Any CPU.Build.0 = Debug|Any CPU
		{E4DC56C6-4234-4A9A-9BF2-1D5279C30D31}.Release|Any CPU.ActiveCfg = Release|Any CPU
		{E4DC56C6-4234-4A9A-9BF2-1D5279C30D31}.Release|Any CPU.Build.0 = Release|Any CPU
	EndGlobalSection
	GlobalSection(NestedProjects) = preSolution
		{70926772-CACB-4E6B-86F5-9C30C4150C92} = {4C2D3362-946E-40DC-AC67-815CE90ACE6A}
		{FC771C5F-4C7B-4AC7-B02D-5AA8B55F5139} = {70926772-CACB-4E6B-86F5-9C30C4150C92}
		{B16DC123-441E-42A6-B16A-F83064857C25} = {70926772-CACB-4E6B-86F5-9C30C4150C92}
		{9007C6A3-EE75-40F2-A733-F5596006BB70} = {4C2D3362-946E-40DC-AC67-815CE90ACE6A}
		{0D1786E5-A9DC-4F04-AFD1-B41E0DD7BC25} = {9007C6A3-EE75-40F2-A733-F5596006BB70}
		{7A71B903-5A49-4A5B-B181-2A06AC6D5476} = {9007C6A3-EE75-40F2-A733-F5596006BB70}
		{4A194554-1DF4-4D12-ABAC-47B9F35C3B34} = {4C2D3362-946E-40DC-AC67-815CE90ACE6A}
		{E4DC56C6-4234-4A9A-9BF2-1D5279C30D31} = {4A194554-1DF4-4D12-ABAC-47B9F35C3B34}
	EndGlobalSection
EndGlobal
